# This file is autogenerated, do not edit; changes may be undone by the next 'dep ensure'.


[[projects]]
  name = "github.com/centrifugal/centrifugo"
  packages = ["libcentrifugo/auth"]
  revision = "587e67c9eec489bc0b06f888c20a6320c800b481"
  version = "v1.8.0"

[[projects]]
  branch = "master"
  name = "github.com/centrifugal/gocent"
  packages = ["."]
  revision = "17898a2a08a934a0d4f8edc162ccb4b496546411"

[[projects]]
  name = "github.com/gorilla/securecookie"
  packages = ["."]
  revision = "e95799a481bbcc3d01c2ad5178524cb8bec9f370"

[[projects]]
  name = "github.com/gorilla/websocket"
  packages = ["."]
  revision = "ea4d1f681babbce9545c9c5f3d5194a789c89f5b"
  version = "v1.2.0"

[[projects]]
  branch = "master"
  name = "github.com/nu7hatch/gouuid"
  packages = ["."]
  revision = "179d4d0c4d8d407a32af483c2354df1d2c91e6c3"

[solve-meta]
  analyzer-name = "dep"
  analyzer-version = 1
  inputs-digest = "c406a417d348c72276c10c339212a8d1ce55a1a45a07c55427dc07a6d00ee197"
  solver-name = "gps-cdcl"
  solver-version = 1
